
Microsoft Visual Studio Solution File, Format Version 12.00
# Visual Studio Version 17
VisualStudioVersion = 17.11.35312.102
MinimumVisualStudioVersion = 10.0.40219.1
Project("{FAE04EC0-301F-11D3-BF4B-00C04F79EFBC}") = "PaymentSystem", "PaymentSystem\PaymentSystem.csproj", "{8EF4D386-D4B9-47D1-8BAD-BD4973032520}"
EndProject
Global
	GlobalSection(SolutionConfigurationPlatforms) = preSolution
		Debug|Any CPU = Debug|Any CPU
		Release|Any CPU = Release|Any CPU
	EndGlobalSection
	GlobalSection(ProjectConfigurationPlatforms) = postSolution
		{8EF4D386-D4B9-47D1-8BAD-BD4973032520}.Debug|Any CPU.ActiveCfg = Debug|Any CPU
		{8EF4D386-D4B9-47D1-8BAD-BD4973032520}.Debug|Any CPU.Build.0 = Debug|Any CPU
		{8EF4D386-D4B9-47D1-8BAD-BD4973032520}.Release|Any CPU.ActiveCfg = Release|Any CPU
		{8EF4D386-D4B9-47D1-8BAD-BD4973032520}.Release|Any CPU.Build.0 = Release|Any CPU
	EndGlobalSection
	GlobalSection(SolutionProperties) = preSolution
		HideSolutionNode = FALSE
	EndGlobalSection
	GlobalSection(ExtensibilityGlobals) = postSolution
		SolutionGuid = {D73530C9-0B20-4C8F-A765-B299AC0C48AC}
	EndGlobalSection
EndGlobal
